Microsoft Visual Studio Solution File, Format Version 12.00
# Visual Studio 2012
Project("{FAE04EC0-301F-11D3-BF4B-00C04F79EFBC}") = "First Godot Game", "First Godot Game.csproj", "{74AECBDF-E093-422B-9B58-601DDF995CBA}"
EndProject
Global
	GlobalSection(SolutionConfigurationPlatforms) = preSolution
	Debug|Any CPU = Debug|Any CPU
	ExportDebug|Any CPU = ExportDebug|Any CPU
	ExportRelease|Any CPU = ExportRelease|Any CPU
	EndGlobalSection
	GlobalSection(ProjectConfigurationPlatforms) = postSolution
		{74AECBDF-E093-422B-9B58-601DDF995CBA}.Debug|Any CPU.ActiveCfg = Debug|Any CPU
		{74AECBDF-E093-422B-9B58-601DDF995CBA}.Debug|Any CPU.Build.0 = Debug|Any CPU
		{74AECBDF-E093-422B-9B58-601DDF995CBA}.ExportDebug|Any CPU.ActiveCfg = ExportDebug|Any CPU
		{74AECBDF-E093-422B-9B58-601DDF995CBA}.ExportDebug|Any CPU.Build.0 = ExportDebug|Any CPU
		{74AECBDF-E093-422B-9B58-601DDF995CBA}.ExportRelease|Any CPU.ActiveCfg = ExportRelease|Any CPU
		{74AECBDF-E093-422B-9B58-601DDF995CBA}.ExportRelease|Any CPU.Build.0 = ExportRelease|Any CPU
	EndGlobalSection
EndGlobal
